{
  "requires": true,
  "lockfileVersion": 1,
  "dependencies": {
    "instagram-profile-data": {
      "version": "1.0.1",
      "resolved": "https://registry.npmjs.org/instagram-profile-data/-/instagram-profile-data-1.0.1.tgz",
      "integrity": "sha512-T6V28aiYsyfJoOq+vZz2kWb6SbegKi8XPI7XytgahicCyFF41j3b0Rn3hnvL069X6CdlfAu8++UJ4Nkjl4vRvw==",
      "requires": {
        "lodash": "^4.17.20"
      }
    },
    "lodash": {
      "version": "4.17.21",
      "resolved": "https://registry.npmjs.org/lodash/-/lodash-4.17.21.tgz",
      "integrity": "sha512-v2kDEe57lecTulaDIuNTPy3Ry4gLGJ6Z1O3vE1krgXZNrsQ+LFTGHVxVjcXPs17LhbZVGedAJv8XZ1tvj5FvSg=="
    }
  }
}
